
Microsoft Visual Studio Solution File, Format Version 12.00
# Visual Studio 15
Project("{2150E333-8FDC-42A3-9474-1A3956D46DE8}") = "Solution Items", "Solution Items", "{C7B7604E-3486-46E2-A3F4-ED0794D3C203}"
	ProjectSection(SolutionItems) = preProject
		README.md = README.md
		LICENSE = LICENSE
		.editorconfig = .editorconfig
	EndProjectSection
EndProject
Project("{FAE04EC0-301F-11D3-BF4B-00C04F79EFBC}") = "MessagingApp", "src\MessagingApp\MessagingApp.csproj", "{B2C7B5E0-EE01-4818-8398-B68439102927}"
EndProject
Project("{FAE04EC0-301F-11D3-BF4B-00C04F79EFBC}") = "MessagingApp.Tests", "tests\MessagingApp.Tests\MessagingApp.Tests.csproj", "{1F5A1158-25DD-4A34-93F7-CAC13A8E4C88}"
EndProject
Project("{FAE04EC0-301F-11D3-BF4B-00C04F79EFBC}") = "MessagingApp.Domain.Tests", "tests\MessagingApp.Domain.Tests\MessagingApp.Domain.Tests.csproj", "{F0683564-EE3B-4D5E-972E-F7B4FFBE45B4}"
EndProject
Project("{FAE04EC0-301F-11D3-BF4B-00C04F79EFBC}") = "MessagingApp.Domain", "src\MessagingApp.Domain\MessagingApp.Domain.csproj", "{FF9A615B-4F07-4D91-B119-297F4B43BB6A}"
EndProject
Project("{FAE04EC0-301F-11D3-BF4B-00C04F79EFBC}") = "MessagingApp.Data.Tests", "tests\MessagingApp.Data.Tests\MessagingApp.Data.Tests.csproj", "{130D9333-FAF1-49E2-8CBC-BDE2AB0F61FA}"
EndProject
Project("{FAE04EC0-301F-11D3-BF4B-00C04F79EFBC}") = "MessagingApp.Data", "src\MessagingApp.Data\MessagingApp.Data.csproj", "{9D6EF6E9-BF81-461E-89B3-678E97CB3DBB}"
EndProject
Global
	GlobalSection(SolutionConfigurationPlatforms) = preSolution
		Debug|Any CPU = Debug|Any CPU
		Release|Any CPU = Release|Any CPU
	EndGlobalSection
	GlobalSection(ProjectConfigurationPlatforms) = postSolution
		{B2C7B5E0-EE01-4818-8398-B68439102927}.Debug|Any CPU.ActiveCfg = Debug|Any CPU
		{B2C7B5E0-EE01-4818-8398-B68439102927}.Debug|Any CPU.Build.0 = Debug|Any CPU
		{B2C7B5E0-EE01-4818-8398-B68439102927}.Release|Any CPU.ActiveCfg = Release|Any CPU
		{B2C7B5E0-EE01-4818-8398-B68439102927}.Release|Any CPU.Build.0 = Release|Any CPU
		{1F5A1158-25DD-4A34-93F7-CAC13A8E4C88}.Debug|Any CPU.ActiveCfg = Debug|Any CPU
		{1F5A1158-25DD-4A34-93F7-CAC13A8E4C88}.Debug|Any CPU.Build.0 = Debug|Any CPU
		{1F5A1158-25DD-4A34-93F7-CAC13A8E4C88}.Release|Any CPU.ActiveCfg = Release|Any CPU
		{1F5A1158-25DD-4A34-93F7-CAC13A8E4C88}.Release|Any CPU.Build.0 = Release|Any CPU
		{F0683564-EE3B-4D5E-972E-F7B4FFBE45B4}.Debug|Any CPU.ActiveCfg = Debug|Any CPU
		{F0683564-EE3B-4D5E-972E-F7B4FFBE45B4}.Debug|Any CPU.Build.0 = Debug|Any CPU
		{F0683564-EE3B-4D5E-972E-F7B4FFBE45B4}.Release|Any CPU.ActiveCfg = Release|Any CPU
		{F0683564-EE3B-4D5E-972E-F7B4FFBE45B4}.Release|Any CPU.Build.0 = Release|Any CPU
		{FF9A615B-4F07-4D91-B119-297F4B43BB6A}.Debug|Any CPU.ActiveCfg = Debug|Any CPU
		{FF9A615B-4F07-4D91-B119-297F4B43BB6A}.Debug|Any CPU.Build.0 = Debug|Any CPU
		{FF9A615B-4F07-4D91-B119-297F4B43BB6A}.Release|Any CPU.ActiveCfg = Release|Any CPU
		{FF9A615B-4F07-4D91-B119-297F4B43BB6A}.Release|Any CPU.Build.0 = Release|Any CPU
		{130D9333-FAF1-49E2-8CBC-BDE2AB0F61FA}.Debug|Any CPU.ActiveCfg = Debug|Any CPU
		{130D9333-FAF1-49E2-8CBC-BDE2AB0F61FA}.Debug|Any CPU.Build.0 = Debug|Any CPU
		{130D9333-FAF1-49E2-8CBC-BDE2AB0F61FA}.Release|Any CPU.ActiveCfg = Release|Any CPU
		{130D9333-FAF1-49E2-8CBC-BDE2AB0F61FA}.Release|Any CPU.Build.0 = Release|Any CPU
		{9D6EF6E9-BF81-461E-89B3-678E97CB3DBB}.Debug|Any CPU.ActiveCfg = Debug|Any CPU
		{9D6EF6E9-BF81-461E-89B3-678E97CB3DBB}.Debug|Any CPU.Build.0 = Debug|Any CPU
		{9D6EF6E9-BF81-461E-89B3-678E97CB3DBB}.Release|Any CPU.ActiveCfg = Release|Any CPU
		{9D6EF6E9-BF81-461E-89B3-678E97CB3DBB}.Release|Any CPU.Build.0 = Release|Any CPU
	EndGlobalSection
EndGlobal
