
Microsoft Visual Studio Solution File, Format Version 12.00
# Visual Studio 15
Project("{2150E333-8FDC-42A3-9474-1A3956D46DE8}") = "Solution Items", "Solution Items", "{C7B7604E-3486-46E2-A3F4-ED0794D3C203}"
	ProjectSection(SolutionItems) = preProject
		README.md = README.md
		LICENSE = LICENSE
	EndProjectSection
EndProject
Project("{FAE04EC0-301F-11D3-BF4B-00C04F79EFBC}") = "MessagingApp", "src\MessagingApp\MessagingApp.csproj", "{B2C7B5E0-EE01-4818-8398-B68439102927}"
EndProject
Project("{FAE04EC0-301F-11D3-BF4B-00C04F79EFBC}") = "MessagingApp.Tests", "tests\MessagingApp.Tests\MessagingApp.Tests.csproj", "{1F5A1158-25DD-4A34-93F7-CAC13A8E4C88}"
EndProject
Global
	GlobalSection(SolutionConfigurationPlatforms) = preSolution
		Debug|Any CPU = Debug|Any CPU
		Release|Any CPU = Release|Any CPU
	EndGlobalSection
	GlobalSection(ProjectConfigurationPlatforms) = postSolution
		{B2C7B5E0-EE01-4818-8398-B68439102927}.Debug|Any CPU.ActiveCfg = Debug|Any CPU
		{B2C7B5E0-EE01-4818-8398-B68439102927}.Debug|Any CPU.Build.0 = Debug|Any CPU
		{B2C7B5E0-EE01-4818-8398-B68439102927}.Release|Any CPU.ActiveCfg = Release|Any CPU
		{B2C7B5E0-EE01-4818-8398-B68439102927}.Release|Any CPU.Build.0 = Release|Any CPU
		{1F5A1158-25DD-4A34-93F7-CAC13A8E4C88}.Debug|Any CPU.ActiveCfg = Debug|Any CPU
		{1F5A1158-25DD-4A34-93F7-CAC13A8E4C88}.Debug|Any CPU.Build.0 = Debug|Any CPU
		{1F5A1158-25DD-4A34-93F7-CAC13A8E4C88}.Release|Any CPU.ActiveCfg = Release|Any CPU
		{1F5A1158-25DD-4A34-93F7-CAC13A8E4C88}.Release|Any CPU.Build.0 = Release|Any CPU
	EndGlobalSection
EndGlobal
